devDependencies:
  lua-types: 2.5.2
  tstl: 2.2.0
  typescript: 3.5.3
  typescript-to-lua: 0.26.0
lockfileVersion: 5
packages:
  /lua-types/2.5.2:
    dev: true
    resolution:
      integrity: sha512-JaVECSBG5z/BheVJOsPxEmrVDvTEnnuOlZuDHuktEWVq6+0xxq1rR3W7fJP+tKfXYtVjsZxMZhHSTd/vesP6Qw==
  /path-parse/1.0.6:
    dev: true
    resolution:
      integrity: sha512-GSmOT2EbHrINBf9SR7CDELwlJ8AENk3Qn7OikK4nFYAu3Ote2+JYNVvkpAEQm3/TLNEJFD/xZJjzyxg3KBWOzw==
  /resolve/1.12.0:
    dependencies:
      path-parse: 1.0.6
    dev: true
    resolution:
      integrity: sha512-B/dOmuoAik5bKcD6s6nXDCjzUKnaDvdkRyAk6rsmsKLipWj4797iothd7jmmUhWTfinVMU+wc56rYKsit2Qy4w==
  /source-map/0.7.3:
    dev: true
    engines:
      node: '>= 8'
    resolution:
      integrity: sha512-CkCj6giN3S+n9qrYiBTX5gystlENnRW5jZeNLHpe6aue+SrHcG5VYwujhW9s4dY31mEGsxBDrHR6oI69fTXsaQ==
  /tstl/2.2.0:
    dev: true
    resolution:
      integrity: sha512-gVp5Nx50cb+oaAEtO6PDvpqc2ulXkOA78Wb/szAT/ssGfnZFgjutKO0AOPo8EakMOtMb4sOrq7Ugl5LqdoxmWg==
  /typescript-to-lua/0.26.0:
    dependencies:
      resolve: 1.12.0
      source-map: 0.7.3
      typescript: 3.5.3
    dev: true
    engines:
      node: '>=8.5.0'
    hasBin: true
    resolution:
      integrity: sha512-jJ/a781kh/TFjzxQ5Xl1j/Zzsjjto2UIkiX4q/NaVPxEg6e/Yonn9hngtrmeOUPvXfv3gs5SvkFHlh8RXnKYbA==
  /typescript/3.5.3:
    dev: true
    engines:
      node: '>=4.2.0'
    hasBin: true
    resolution:
      integrity: sha512-ACzBtm/PhXBDId6a6sDJfroT2pOWt/oOnk4/dElG5G33ZL776N3Y6/6bKZJBFpd+b05F3Ct9qDjMeJmRWtE2/g==
specifiers:
  lua-types: ^2.5.2
  tstl: ^2.2.0
  typescript: ^3.5.2
  typescript-to-lua: ^0.26.0
