# This file is generated by running "yarn install" inside your project.
# Manual changes might be lost - proceed with caution!

__metadata:
  version: 4

"@types/wow-api@github:martinjlowm/types-wow-api":
  version: 1.13.2
  resolution: "@types/wow-api@github:martinjlowm/types-wow-api#commit:a7651daf20eb469159986a50acbd22be286d76b6"
  checksum: 2/34a1c55139d2535c0b7e5cb412e498e671d8859614dce1345d35ab3e164ec5657f16aa656421c47eafacedc6b737441719c7c92817fe0749e7a9dfdcf49d715a
  languageName: node
  linkType: hard

"lua-types@npm:^2.7.0":
  version: 2.7.0
  resolution: "lua-types@npm:2.7.0"
  checksum: 2/1247a981b8594c46f0cc0875c334db95ae815495778d685e52da239e467e62e940ca93ea42f02869309995df2fbf1c6abbdcb351eeb526efce3933960cc5ff2a
  languageName: node
  linkType: hard

"oBindings@workspace:.":
  version: 0.0.0-use.local
  resolution: "oBindings@workspace:."
  dependencies:
    "@types/wow-api": "github:martinjlowm/types-wow-api"
    lua-types: ^2.7.0
    tstl: ^2.4.2
    typescript: ^3.8.3
    typescript-to-lua: ^0.32.0
  languageName: unknown
  linkType: soft

"path-parse@npm:^1.0.6":
  version: 1.0.6
  resolution: "path-parse@npm:1.0.6"
  checksum: 2/2eee4b93fb3ae13600e3fca18390d9933bbbcf725a624f6b8df020d87515a74872ff6c58072190d6dc75a5584a683dc6ae5c385ad4e4f4efb6e66af040d56c67
  languageName: node
  linkType: hard

resolve@^1.15.1:
  version: 1.15.1
  resolution: "resolve@npm:1.15.1"
  dependencies:
    path-parse: ^1.0.6
  checksum: 2/34f77287b44a7eb4588d9d631165c763099a82aca3132920e0fdcde428a51f2cf69190c19e2309e35288a0702f57fefeb951da6138677036a16636b2f0e7b8dd
  languageName: node
  linkType: hard

"resolve@patch:resolve@^1.15.1#builtin<compat/resolve>":
  version: 1.15.1
  resolution: "resolve@patch:resolve@npm%3A1.15.1#builtin<compat/resolve>::version=1.15.1&hash=8fccd0"
  dependencies:
    path-parse: ^1.0.6
  checksum: 2/fe7e72ddef33d5c157991b824ba2d439cafcd386cb4b26d86c32e77fea442bdd9a93c6cdd93ab90f87a29449008df64b53a8310dd89ebe88ea87fb5db09c03aa
  languageName: node
  linkType: hard

"source-map@npm:^0.7.3":
  version: 0.7.3
  resolution: "source-map@npm:0.7.3"
  checksum: 2/351ce26ffa1ebf203660c0d70d7566c81e65d2d994d1c2d94da140808e02da34961673ce12ecea9b40797b96fbeb8c70bf71a4ad9f779f1a4fdbba75530bb386
  languageName: node
  linkType: hard

"tstl@npm:^2.4.2":
  version: 2.4.2
  resolution: "tstl@npm:2.4.2"
  checksum: 2/78568599b007a05862aba07353f332cabfc7d69630fc08088cc5725c49e40f802bccf71c12313ea37f716c13380027f0b225642d42529b72b13ab927ad3999ea
  languageName: node
  linkType: hard

"typescript-to-lua@npm:^0.32.0":
  version: 0.32.0
  resolution: "typescript-to-lua@npm:0.32.0"
  dependencies:
    resolve: ^1.15.1
    source-map: ^0.7.3
    typescript: ^3.8.3
  bin:
    tstl: ./dist/tstl.js
  checksum: 2/e468c93171eaa78ed335beebd373d8580beff4cb4387f7fcd66ce69d2184de63f932eecff97df317db535a8721483b22dfc480e6149f013753183ca244b8bedd
  languageName: node
  linkType: hard

typescript@^3.8.3:
  version: 3.8.3
  resolution: "typescript@npm:3.8.3"
  bin:
    tsc: bin/tsc
    tsserver: bin/tsserver
  checksum: 2/519b11576247fe3570d89a2aa757d8f666aafc0cb9465a6cdd4df09c1dc6bf7285f0c6008d2ac7a55ea26457e767aaab819f58439d80af2cce1d9805b2be1034
  languageName: node
  linkType: hard

"typescript@patch:typescript@^3.8.3#builtin<compat/typescript>":
  version: 3.8.3
  resolution: "typescript@patch:typescript@npm%3A3.8.3#builtin<compat/typescript>::version=3.8.3&hash=270b6c"
  bin:
    tsc: bin/tsc
    tsserver: bin/tsserver
  checksum: 2/2950b292ac700898647d49ca5f07fa546f6c3d28983ba559c5b4fa360babdc1734493b7f5f72553735eaa401c850989d7bbbd70f739df3c0b7fc83c82e37d8a5
  languageName: node
  linkType: hard
